
Microsoft Visual Studio Solution File, Format Version 12.00
# Visual Studio Version 17
VisualStudioVersion = 17.7.34202.233
MinimumVisualStudioVersion = 10.0.40219.1
Project("{9A19103F-16F7-4668-BE54-9A1E7A4F7556}") = "Proiect_Medii_Programare", "Proiect_Medii_Programare.csproj", "{B396B3B4-6378-4E5B-9AE8-A5AECBF611D9}"
EndProject
Global
	GlobalSection(SolutionConfigurationPlatforms) = preSolution
		Debug|Any CPU = Debug|Any CPU
		Release|Any CPU = Release|Any CPU
	EndGlobalSection
	GlobalSection(ProjectConfigurationPlatforms) = postSolution
		{B396B3B4-6378-4E5B-9AE8-A5AECBF611D9}.Debug|Any CPU.ActiveCfg = Debug|Any CPU
		{B396B3B4-6378-4E5B-9AE8-A5AECBF611D9}.Debug|Any CPU.Build.0 = Debug|Any CPU
		{B396B3B4-6378-4E5B-9AE8-A5AECBF611D9}.Release|Any CPU.ActiveCfg = Release|Any CPU
		{B396B3B4-6378-4E5B-9AE8-A5AECBF611D9}.Release|Any CPU.Build.0 = Release|Any CPU
	EndGlobalSection
	GlobalSection(SolutionProperties) = preSolution
		HideSolutionNode = FALSE
	EndGlobalSection
	GlobalSection(ExtensibilityGlobals) = postSolution
		SolutionGuid = {F9D53542-28AE-49D7-A046-E0A56CA993D2}
	EndGlobalSection
EndGlobal
